
Microsoft Visual Studio Solution File, Format Version 12.00
# Visual Studio 15
VisualStudioVersion = 15.0.28307.757
MinimumVisualStudioVersion = 10.0.40219.1
Project("{FAE04EC0-301F-11D3-BF4B-00C04F79EFBC}") = "Ivaha.Bets", "Ivaha.Bets\Ivaha.Bets.csproj", "{80176595-AE99-4791-B671-0DE1D755B00E}"
EndProject
Global
	GlobalSection(SolutionConfigurationPlatforms) = preSolution
		Debug|Any CPU = Debug|Any CPU
		Release|Any CPU = Release|Any CPU
	EndGlobalSection
	GlobalSection(ProjectConfigurationPlatforms) = postSolution
		{80176595-AE99-4791-B671-0DE1D755B00E}.Debug|Any CPU.ActiveCfg = Debug|Any CPU
		{80176595-AE99-4791-B671-0DE1D755B00E}.Debug|Any CPU.Build.0 = Debug|Any CPU
		{80176595-AE99-4791-B671-0DE1D755B00E}.Release|Any CPU.ActiveCfg = Release|Any CPU
		{80176595-AE99-4791-B671-0DE1D755B00E}.Release|Any CPU.Build.0 = Release|Any CPU
	EndGlobalSection
	GlobalSection(SolutionProperties) = preSolution
		HideSolutionNode = FALSE
	EndGlobalSection
	GlobalSection(ExtensibilityGlobals) = postSolution
		SolutionGuid = {A181C749-CB25-4457-89D7-189C94DD4664}
	EndGlobalSection
EndGlobal
